
Microsoft Visual Studio Solution File, Format Version 12.00
Project("{FAE04EC0-301F-11D3-BF4B-00C04F79EFBC}") = "SpaceSaver", "SpaceSaver\SpaceSaver.csproj", "{5454D91D-BF1B-47B4-B30D-C9B9FB0CDAE1}"
EndProject
Project("{FAE04EC0-301F-11D3-BF4B-00C04F79EFBC}") = "Mkb.FileCompare", "Mkb.FileCompare\Mkb.FileCompare.csproj", "{4B386C92-656A-4831-AFD1-319B2EF86536}"
EndProject
Global
	GlobalSection(SolutionConfigurationPlatforms) = preSolution
		Debug|Any CPU = Debug|Any CPU
		Release|Any CPU = Release|Any CPU
	EndGlobalSection
	GlobalSection(ProjectConfigurationPlatforms) = postSolution
		{5454D91D-BF1B-47B4-B30D-C9B9FB0CDAE1}.Debug|Any CPU.ActiveCfg = Debug|Any CPU
		{5454D91D-BF1B-47B4-B30D-C9B9FB0CDAE1}.Debug|Any CPU.Build.0 = Debug|Any CPU
		{5454D91D-BF1B-47B4-B30D-C9B9FB0CDAE1}.Release|Any CPU.ActiveCfg = Release|Any CPU
		{5454D91D-BF1B-47B4-B30D-C9B9FB0CDAE1}.Release|Any CPU.Build.0 = Release|Any CPU
		{4B386C92-656A-4831-AFD1-319B2EF86536}.Debug|Any CPU.ActiveCfg = Debug|Any CPU
		{4B386C92-656A-4831-AFD1-319B2EF86536}.Debug|Any CPU.Build.0 = Debug|Any CPU
		{4B386C92-656A-4831-AFD1-319B2EF86536}.Release|Any CPU.ActiveCfg = Release|Any CPU
		{4B386C92-656A-4831-AFD1-319B2EF86536}.Release|Any CPU.Build.0 = Release|Any CPU
	EndGlobalSection
EndGlobal
